
Microsoft Visual Studio Solution File, Format Version 12.00
# Visual Studio Version 16
VisualStudioVersion = 16.0.31702.278
MinimumVisualStudioVersion = 10.0.40219.1
Project("{FAE04EC0-301F-11D3-BF4B-00C04F79EFBC}") = "TacoShop.Domain", "TacoShop.Domain\TacoShop.Domain.csproj", "{D41A5057-82EE-44F5-B710-4C759F2C4007}"
EndProject
Project("{FAE04EC0-301F-11D3-BF4B-00C04F79EFBC}") = "TacoShop.Data", "TacoShop.Data\TacoShop.Data.csproj", "{46325B4C-F5F4-4AE1-AE6C-7FF58E6B2D1E}"
EndProject
Project("{FAE04EC0-301F-11D3-BF4B-00C04F79EFBC}") = "TacoShop.Logic", "TacoShop.Logic\TacoShop.Logic.csproj", "{5D2A401B-3DC7-4737-8DC6-F9884AC1BCBC}"
EndProject
Project("{2150E333-8FDC-42A3-9474-1A3956D46DE8}") = "Test", "Test", "{4087F483-ACFB-4037-8973-04A26A6E221E}"
EndProject
Global
	GlobalSection(SolutionConfigurationPlatforms) = preSolution
		Debug|Any CPU = Debug|Any CPU
		Release|Any CPU = Release|Any CPU
	EndGlobalSection
	GlobalSection(ProjectConfigurationPlatforms) = postSolution
		{D41A5057-82EE-44F5-B710-4C759F2C4007}.Debug|Any CPU.ActiveCfg = Debug|Any CPU
		{D41A5057-82EE-44F5-B710-4C759F2C4007}.Debug|Any CPU.Build.0 = Debug|Any CPU
		{D41A5057-82EE-44F5-B710-4C759F2C4007}.Release|Any CPU.ActiveCfg = Release|Any CPU
		{D41A5057-82EE-44F5-B710-4C759F2C4007}.Release|Any CPU.Build.0 = Release|Any CPU
		{46325B4C-F5F4-4AE1-AE6C-7FF58E6B2D1E}.Debug|Any CPU.ActiveCfg = Debug|Any CPU
		{46325B4C-F5F4-4AE1-AE6C-7FF58E6B2D1E}.Debug|Any CPU.Build.0 = Debug|Any CPU
		{46325B4C-F5F4-4AE1-AE6C-7FF58E6B2D1E}.Release|Any CPU.ActiveCfg = Release|Any CPU
		{46325B4C-F5F4-4AE1-AE6C-7FF58E6B2D1E}.Release|Any CPU.Build.0 = Release|Any CPU
		{5D2A401B-3DC7-4737-8DC6-F9884AC1BCBC}.Debug|Any CPU.ActiveCfg = Debug|Any CPU
		{5D2A401B-3DC7-4737-8DC6-F9884AC1BCBC}.Debug|Any CPU.Build.0 = Debug|Any CPU
		{5D2A401B-3DC7-4737-8DC6-F9884AC1BCBC}.Release|Any CPU.ActiveCfg = Release|Any CPU
		{5D2A401B-3DC7-4737-8DC6-F9884AC1BCBC}.Release|Any CPU.Build.0 = Release|Any CPU
	EndGlobalSection
	GlobalSection(SolutionProperties) = preSolution
		HideSolutionNode = FALSE
	EndGlobalSection
	GlobalSection(ExtensibilityGlobals) = postSolution
		SolutionGuid = {14C19D3E-ABB0-4E63-B733-E46AB3F43572}
	EndGlobalSection
EndGlobal
